// !$*UTF8*$!
{
	archiveVersion = 1;
	classes = {
	};
	objectVersion = 56;
	objects = {

/* Begin PBXBuildFile section */
		170828942BA3B8D300094406 /* WeatherService.swift in Sources */ = {isa = PBXBuildFile; fileRef = 170828932BA3B8D300094406 /* WeatherService.swift */; };
		170828962BA3B8E100094406 /* FirePredictService.swift in Sources */ = {isa = PBXBuildFile; fileRef = 170828952BA3B8E100094406 /* FirePredictService.swift */; };
		170828982BA3B8EE00094406 /* HomeViewController.swift in Sources */ = {isa = PBXBuildFile; fileRef = 170828972BA3B8EE00094406 /* HomeViewController.swift */; };
		170828A22BA3C09A00094406 /* LocationService.swift in Sources */ = {isa = PBXBuildFile; fileRef = 170828A12BA3C09A00094406 /* LocationService.swift */; };
		171767792BBBB67800B128A7 /* SearchResultsTableView.swift in Sources */ = {isa = PBXBuildFile; fileRef = 171767782BBBB67800B128A7 /* SearchResultsTableView.swift */; };
		1717677D2BBC65BA00B128A7 /* CitySearchManager.swift in Sources */ = {isa = PBXBuildFile; fileRef = 1717677C2BBC65BA00B128A7 /* CitySearchManager.swift */; };
		171767882BBC66B500B128A7 /* Fuse.swift in Sources */ = {isa = PBXBuildFile; fileRef = 171767812BBC66B500B128A7 /* Fuse.swift */; };
		171767892BBC66B500B128A7 /* FuseUtilities.swift in Sources */ = {isa = PBXBuildFile; fileRef = 171767822BBC66B500B128A7 /* FuseUtilities.swift */; };
		1717678A2BBC66B500B128A7 /* String+Fuse.swift in Sources */ = {isa = PBXBuildFile; fileRef = 171767832BBC66B500B128A7 /* String+Fuse.swift */; };
		17246DCD2BBF56BC008FD7BB /* HighLowTempView.swift in Sources */ = {isa = PBXBuildFile; fileRef = 17246DCC2BBF56BC008FD7BB /* HighLowTempView.swift */; };
		17246DCF2BBF56C6008FD7BB /* UVIndexView.swift in Sources */ = {isa = PBXBuildFile; fileRef = 17246DCE2BBF56C6008FD7BB /* UVIndexView.swift */; };
		17246DD12BBF56D6008FD7BB /* SunLocationView.swift in Sources */ = {isa = PBXBuildFile; fileRef = 17246DD02BBF56D6008FD7BB /* SunLocationView.swift */; };
		17246DD32BBFBA4A008FD7BB /* GreenToRedSegmentView.swift in Sources */ = {isa = PBXBuildFile; fileRef = 17246DD22BBFBA4A008FD7BB /* GreenToRedSegmentView.swift */; };
		17246DD52BC0765D008FD7BB /* FireChanceView.swift in Sources */ = {isa = PBXBuildFile; fileRef = 17246DD42BC0765D008FD7BB /* FireChanceView.swift */; };
		1752E4EF2B8E936D00137A74 /* AppDelegate.swift in Sources */ = {isa = PBXBuildFile; fileRef = 1752E4EE2B8E936D00137A74 /* AppDelegate.swift */; };
		1752E4F12B8E936D00137A74 /* SceneDelegate.swift in Sources */ = {isa = PBXBuildFile; fileRef = 1752E4F02B8E936D00137A74 /* SceneDelegate.swift */; };
		1752E4F82B8E937600137A74 /* Assets.xcassets in Resources */ = {isa = PBXBuildFile; fileRef = 1752E4F72B8E937600137A74 /* Assets.xcassets */; };
		1752E4FB2B8E937600137A74 /* LaunchScreen.storyboard in Resources */ = {isa = PBXBuildFile; fileRef = 1752E4F92B8E937600137A74 /* LaunchScreen.storyboard */; };
		17839E082BB9DEEE00E66992 /* CurrentWeatherCard.swift in Sources */ = {isa = PBXBuildFile; fileRef = 17839E072BB9DEEE00E66992 /* CurrentWeatherCard.swift */; };
		17839E0D2BBA525200E66992 /* Nunito-Light.ttf in Resources */ = {isa = PBXBuildFile; fileRef = 17839E0A2BBA525200E66992 /* Nunito-Light.ttf */; };
		17839E0E2BBA525200E66992 /* Nunito-Bold.ttf in Resources */ = {isa = PBXBuildFile; fileRef = 17839E0B2BBA525200E66992 /* Nunito-Bold.ttf */; };
		17839E0F2BBA525200E66992 /* Nunito-Medium.ttf in Resources */ = {isa = PBXBuildFile; fileRef = 17839E0C2BBA525200E66992 /* Nunito-Medium.ttf */; };
		17839E112BBA539900E66992 /* NunitoFont.swift in Sources */ = {isa = PBXBuildFile; fileRef = 17839E102BBA539900E66992 /* NunitoFont.swift */; };
		17839E132BBA583200E66992 /* WeatherSymbolConfigurationManager.swift in Sources */ = {isa = PBXBuildFile; fileRef = 17839E122BBA583200E66992 /* WeatherSymbolConfigurationManager.swift */; };
		17839E152BBA599200E66992 /* HourlyForcastView.swift in Sources */ = {isa = PBXBuildFile; fileRef = 17839E142BBA599200E66992 /* HourlyForcastView.swift */; };
		17839E172BBA599C00E66992 /* WeeklyForcastView.swift in Sources */ = {isa = PBXBuildFile; fileRef = 17839E162BBA599C00E66992 /* WeeklyForcastView.swift */; };
		17839E192BBA5AC800E66992 /* HourlyForcastCollectionCell.swift in Sources */ = {isa = PBXBuildFile; fileRef = 17839E182BBA5AC800E66992 /* HourlyForcastCollectionCell.swift */; };
		17839E1D2BBA7D2200E66992 /* ColorManager.swift in Sources */ = {isa = PBXBuildFile; fileRef = 17839E1C2BBA7D2200E66992 /* ColorManager.swift */; };
		17839E1F2BBB14E600E66992 /* DayForcastCell.swift in Sources */ = {isa = PBXBuildFile; fileRef = 17839E1E2BBB14E600E66992 /* DayForcastCell.swift */; };
		17839E222BBB169000E66992 /* WeatherConditionView.swift in Sources */ = {isa = PBXBuildFile; fileRef = 17839E212BBB169000E66992 /* WeatherConditionView.swift */; };
		17839E242BBB393200E66992 /* HomeViewController+LocationDelegate.swift in Sources */ = {isa = PBXBuildFile; fileRef = 17839E232BBB393200E66992 /* HomeViewController+LocationDelegate.swift */; };
		17839E262BBB609500E66992 /* TemperatureRangeView.swift in Sources */ = {isa = PBXBuildFile; fileRef = 17839E252BBB609500E66992 /* TemperatureRangeView.swift */; };
		17A1ED632BBDF48B000CAA70 /* MetricView.swift in Sources */ = {isa = PBXBuildFile; fileRef = 17A1ED622BBDF48B000CAA70 /* MetricView.swift */; };
		17A1ED652BBDF5BD000CAA70 /* DetailedStatsView.swift in Sources */ = {isa = PBXBuildFile; fileRef = 17A1ED642BBDF5BD000CAA70 /* DetailedStatsView.swift */; };
		17EF329B2BBC6DCB001D24DE /* us-top-1k-cities.csv in Resources */ = {isa = PBXBuildFile; fileRef = 17EF329A2BBC6DCB001D24DE /* us-top-1k-cities.csv */; };
/* End PBXBuildFile section */

/* Begin PBXFileReference section */
		170828932BA3B8D300094406 /* WeatherService.swift */ = {isa = PBXFileReference; lastKnownFileType = sourcecode.swift; path = WeatherService.swift; sourceTree = "<group>"; };
		170828952BA3B8E100094406 /* FirePredictService.swift */ = {isa = PBXFileReference; lastKnownFileType = sourcecode.swift; path = FirePredictService.swift; sourceTree = "<group>"; };
		170828972BA3B8EE00094406 /* HomeViewController.swift */ = {isa = PBXFileReference; lastKnownFileType = sourcecode.swift; path = HomeViewController.swift; sourceTree = "<group>"; };
		170828A12BA3C09A00094406 /* LocationService.swift */ = {isa = PBXFileReference; lastKnownFileType = sourcecode.swift; path = LocationService.swift; sourceTree = "<group>"; };
		171767782BBBB67800B128A7 /* SearchResultsTableView.swift */ = {isa = PBXFileReference; lastKnownFileType = sourcecode.swift; path = SearchResultsTableView.swift; sourceTree = "<group>"; };
		1717677C2BBC65BA00B128A7 /* CitySearchManager.swift */ = {isa = PBXFileReference; lastKnownFileType = sourcecode.swift; path = CitySearchManager.swift; sourceTree = "<group>"; };
		171767812BBC66B500B128A7 /* Fuse.swift */ = {isa = PBXFileReference; fileEncoding = 4; lastKnownFileType = sourcecode.swift; path = Fuse.swift; sourceTree = "<group>"; };
		171767822BBC66B500B128A7 /* FuseUtilities.swift */ = {isa = PBXFileReference; fileEncoding = 4; lastKnownFileType = sourcecode.swift; path = FuseUtilities.swift; sourceTree = "<group>"; };
		171767832BBC66B500B128A7 /* String+Fuse.swift */ = {isa = PBXFileReference; fileEncoding = 4; lastKnownFileType = sourcecode.swift; path = "String+Fuse.swift"; sourceTree = "<group>"; };
		17246DCC2BBF56BC008FD7BB /* HighLowTempView.swift */ = {isa = PBXFileReference; lastKnownFileType = sourcecode.swift; path = HighLowTempView.swift; sourceTree = "<group>"; };
		17246DCE2BBF56C6008FD7BB /* UVIndexView.swift */ = {isa = PBXFileReference; lastKnownFileType = sourcecode.swift; path = UVIndexView.swift; sourceTree = "<group>"; };
		17246DD02BBF56D6008FD7BB /* SunLocationView.swift */ = {isa = PBXFileReference; lastKnownFileType = sourcecode.swift; path = SunLocationView.swift; sourceTree = "<group>"; };
		17246DD22BBFBA4A008FD7BB /* GreenToRedSegmentView.swift */ = {isa = PBXFileReference; lastKnownFileType = sourcecode.swift; path = GreenToRedSegmentView.swift; sourceTree = "<group>"; };
		17246DD42BC0765D008FD7BB /* FireChanceView.swift */ = {isa = PBXFileReference; lastKnownFileType = sourcecode.swift; path = FireChanceView.swift; sourceTree = "<group>"; };
		1725A5412BAD12B700DE08DB /* AetherPredict.entitlements */ = {isa = PBXFileReference; lastKnownFileType = text.plist.entitlements; path = AetherPredict.entitlements; sourceTree = "<group>"; };
		1752E4EB2B8E936D00137A74 /* AetherPredict.app */ = {isa = PBXFileReference; explicitFileType = wrapper.application; includeInIndex = 0; path = AetherPredict.app; sourceTree = BUILT_PRODUCTS_DIR; };
		1752E4EE2B8E936D00137A74 /* AppDelegate.swift */ = {isa = PBXFileReference; lastKnownFileType = sourcecode.swift; path = AppDelegate.swift; sourceTree = "<group>"; };
		1752E4F02B8E936D00137A74 /* SceneDelegate.swift */ = {isa = PBXFileReference; lastKnownFileType = sourcecode.swift; path = SceneDelegate.swift; sourceTree = "<group>"; };
		1752E4F72B8E937600137A74 /* Assets.xcassets */ = {isa = PBXFileReference; lastKnownFileType = folder.assetcatalog; path = Assets.xcassets; sourceTree = "<group>"; };
		1752E4FA2B8E937600137A74 /* Base */ = {isa = PBXFileReference; lastKnownFileType = file.storyboard; name = Base; path = Base.lproj/LaunchScreen.storyboard; sourceTree = "<group>"; };
		1752E4FC2B8E937600137A74 /* Info.plist */ = {isa = PBXFileReference; lastKnownFileType = text.plist.xml; path = Info.plist; sourceTree = "<group>"; };
		17839E072BB9DEEE00E66992 /* CurrentWeatherCard.swift */ = {isa = PBXFileReference; lastKnownFileType = sourcecode.swift; path = CurrentWeatherCard.swift; sourceTree = "<group>"; };
		17839E0A2BBA525200E66992 /* Nunito-Light.ttf */ = {isa = PBXFileReference; lastKnownFileType = file; path = "Nunito-Light.ttf"; sourceTree = "<group>"; };
		17839E0B2BBA525200E66992 /* Nunito-Bold.ttf */ = {isa = PBXFileReference; lastKnownFileType = file; path = "Nunito-Bold.ttf"; sourceTree = "<group>"; };
		17839E0C2BBA525200E66992 /* Nunito-Medium.ttf */ = {isa = PBXFileReference; lastKnownFileType = file; path = "Nunito-Medium.ttf"; sourceTree = "<group>"; };
		17839E102BBA539900E66992 /* NunitoFont.swift */ = {isa = PBXFileReference; lastKnownFileType = sourcecode.swift; path = NunitoFont.swift; sourceTree = "<group>"; };
		17839E122BBA583200E66992 /* WeatherSymbolConfigurationManager.swift */ = {isa = PBXFileReference; lastKnownFileType = sourcecode.swift; path = WeatherSymbolConfigurationManager.swift; sourceTree = "<group>"; };
		17839E142BBA599200E66992 /* HourlyForcastView.swift */ = {isa = PBXFileReference; lastKnownFileType = sourcecode.swift; path = HourlyForcastView.swift; sourceTree = "<group>"; };
		17839E162BBA599C00E66992 /* WeeklyForcastView.swift */ = {isa = PBXFileReference; lastKnownFileType = sourcecode.swift; path = WeeklyForcastView.swift; sourceTree = "<group>"; };
		17839E182BBA5AC800E66992 /* HourlyForcastCollectionCell.swift */ = {isa = PBXFileReference; lastKnownFileType = sourcecode.swift; path = HourlyForcastCollectionCell.swift; sourceTree = "<group>"; };
		17839E1C2BBA7D2200E66992 /* ColorManager.swift */ = {isa = PBXFileReference; lastKnownFileType = sourcecode.swift; path = ColorManager.swift; sourceTree = "<group>"; };
		17839E1E2BBB14E600E66992 /* DayForcastCell.swift */ = {isa = PBXFileReference; lastKnownFileType = sourcecode.swift; path = DayForcastCell.swift; sourceTree = "<group>"; };
		17839E212BBB169000E66992 /* WeatherConditionView.swift */ = {isa = PBXFileReference; lastKnownFileType = sourcecode.swift; path = WeatherConditionView.swift; sourceTree = "<group>"; };
		17839E232BBB393200E66992 /* HomeViewController+LocationDelegate.swift */ = {isa = PBXFileReference; lastKnownFileType = sourcecode.swift; path = "HomeViewController+LocationDelegate.swift"; sourceTree = "<group>"; };
		17839E252BBB609500E66992 /* TemperatureRangeView.swift */ = {isa = PBXFileReference; lastKnownFileType = sourcecode.swift; path = TemperatureRangeView.swift; sourceTree = "<group>"; };
		17A1ED622BBDF48B000CAA70 /* MetricView.swift */ = {isa = PBXFileReference; lastKnownFileType = sourcecode.swift; path = MetricView.swift; sourceTree = "<group>"; };
		17A1ED642BBDF5BD000CAA70 /* DetailedStatsView.swift */ = {isa = PBXFileReference; lastKnownFileType = sourcecode.swift; path = DetailedStatsView.swift; sourceTree = "<group>"; };
		17EF329A2BBC6DCB001D24DE /* us-top-1k-cities.csv */ = {isa = PBXFileReference; fileEncoding = 4; lastKnownFileType = text; path = "us-top-1k-cities.csv"; sourceTree = "<group>"; };
/* End PBXFileReference section */

/* Begin PBXFrameworksBuildPhase section */
		1752E4E82B8E936D00137A74 /* Frameworks */ = {
			isa = PBXFrameworksBuildPhase;
			buildActionMask = 2147483647;
			files = (
			);
			runOnlyForDeploymentPostprocessing = 0;
		};
/* End PBXFrameworksBuildPhase section */

/* Begin PBXGroup section */
		170828912BA3B86400094406 /* API */ = {
			isa = PBXGroup;
			children = (
				170828932BA3B8D300094406 /* WeatherService.swift */,
				170828952BA3B8E100094406 /* FirePredictService.swift */,
				170828A12BA3C09A00094406 /* LocationService.swift */,
			);
			path = API;
			sourceTree = "<group>";
		};
		170828922BA3B86800094406 /* Home */ = {
			isa = PBXGroup;
			children = (
				171767752BBBB65B00B128A7 /* Searching */,
				17839E202BBB167E00E66992 /* Managers */,
				17839E062BB9DECF00E66992 /* Weekly Forecast */,
				17839E052BB9DEC400E66992 /* Hourly Forecast */,
				17839E032BB9DEAD00E66992 /* Current Weather */,
				170828972BA3B8EE00094406 /* HomeViewController.swift */,
				17839E232BBB393200E66992 /* HomeViewController+LocationDelegate.swift */,
				17839E212BBB169000E66992 /* WeatherConditionView.swift */,
			);
			path = Home;
			sourceTree = "<group>";
		};
		171767752BBBB65B00B128A7 /* Searching */ = {
			isa = PBXGroup;
			children = (
				17EF329A2BBC6DCB001D24DE /* us-top-1k-cities.csv */,
				171767852BBC66B500B128A7 /* Fuse */,
				171767782BBBB67800B128A7 /* SearchResultsTableView.swift */,
				1717677C2BBC65BA00B128A7 /* CitySearchManager.swift */,
			);
			path = Searching;
			sourceTree = "<group>";
		};
		171767852BBC66B500B128A7 /* Fuse */ = {
			isa = PBXGroup;
			children = (
				171767812BBC66B500B128A7 /* Fuse.swift */,
				171767822BBC66B500B128A7 /* FuseUtilities.swift */,
				171767832BBC66B500B128A7 /* String+Fuse.swift */,
			);
			path = Fuse;
			sourceTree = "<group>";
		};
		1752E4E22B8E936D00137A74 = {
			isa = PBXGroup;
			children = (
				1752E4ED2B8E936D00137A74 /* AetherPredict */,
				1752E4EC2B8E936D00137A74 /* Products */,
			);
			sourceTree = "<group>";
		};
		1752E4EC2B8E936D00137A74 /* Products */ = {
			isa = PBXGroup;
			children = (
				1752E4EB2B8E936D00137A74 /* AetherPredict.app */,
			);
			name = Products;
			sourceTree = "<group>";
		};
		1752E4ED2B8E936D00137A74 /* AetherPredict */ = {
			isa = PBXGroup;
			children = (
				17839E092BBA51A900E66992 /* Fonts */,
				1725A5412BAD12B700DE08DB /* AetherPredict.entitlements */,
				170828922BA3B86800094406 /* Home */,
				170828912BA3B86400094406 /* API */,
				1752E4EE2B8E936D00137A74 /* AppDelegate.swift */,
				1752E4F02B8E936D00137A74 /* SceneDelegate.swift */,
				1752E4F72B8E937600137A74 /* Assets.xcassets */,
				1752E4F92B8E937600137A74 /* LaunchScreen.storyboard */,
				1752E4FC2B8E937600137A74 /* Info.plist */,
			);
			path = AetherPredict;
			sourceTree = "<group>";
		};
		17839E032BB9DEAD00E66992 /* Current Weather */ = {
			isa = PBXGroup;
			children = (
				17A1ED612BBDF478000CAA70 /* Metric Views */,
				17839E072BB9DEEE00E66992 /* CurrentWeatherCard.swift */,
				17A1ED642BBDF5BD000CAA70 /* DetailedStatsView.swift */,
			);
			path = "Current Weather";
			sourceTree = "<group>";
		};
		17839E052BB9DEC400E66992 /* Hourly Forecast */ = {
			isa = PBXGroup;
			children = (
				17839E142BBA599200E66992 /* HourlyForcastView.swift */,
				17839E182BBA5AC800E66992 /* HourlyForcastCollectionCell.swift */,
			);
			path = "Hourly Forecast";
			sourceTree = "<group>";
		};
		17839E062BB9DECF00E66992 /* Weekly Forecast */ = {
			isa = PBXGroup;
			children = (
				17839E162BBA599C00E66992 /* WeeklyForcastView.swift */,
				17839E1E2BBB14E600E66992 /* DayForcastCell.swift */,
				17839E252BBB609500E66992 /* TemperatureRangeView.swift */,
			);
			path = "Weekly Forecast";
			sourceTree = "<group>";
		};
		17839E092BBA51A900E66992 /* Fonts */ = {
			isa = PBXGroup;
			children = (
				17839E0B2BBA525200E66992 /* Nunito-Bold.ttf */,
				17839E0A2BBA525200E66992 /* Nunito-Light.ttf */,
				17839E0C2BBA525200E66992 /* Nunito-Medium.ttf */,
				17839E102BBA539900E66992 /* NunitoFont.swift */,
			);
			path = Fonts;
			sourceTree = "<group>";
		};
		17839E202BBB167E00E66992 /* Managers */ = {
			isa = PBXGroup;
			children = (
				17839E122BBA583200E66992 /* WeatherSymbolConfigurationManager.swift */,
				17839E1C2BBA7D2200E66992 /* ColorManager.swift */,
			);
			path = Managers;
			sourceTree = "<group>";
		};
		17A1ED612BBDF478000CAA70 /* Metric Views */ = {
			isa = PBXGroup;
			children = (
				17A1ED622BBDF48B000CAA70 /* MetricView.swift */,
				17246DCC2BBF56BC008FD7BB /* HighLowTempView.swift */,
				17246DCE2BBF56C6008FD7BB /* UVIndexView.swift */,
				17246DD02BBF56D6008FD7BB /* SunLocationView.swift */,
				17246DD22BBFBA4A008FD7BB /* GreenToRedSegmentView.swift */,
				17246DD42BC0765D008FD7BB /* FireChanceView.swift */,
			);
			path = "Metric Views";
			sourceTree = "<group>";
		};
/* End PBXGroup section */

/* Begin PBXNativeTarget section */
		1752E4EA2B8E936D00137A74 /* AetherPredict */ = {
			isa = PBXNativeTarget;
			buildConfigurationList = 1752E4FF2B8E937600137A74 /* Build configuration list for PBXNativeTarget "AetherPredict" */;
			buildPhases = (
				1752E4E72B8E936D00137A74 /* Sources */,
				1752E4E82B8E936D00137A74 /* Frameworks */,
				1752E4E92B8E936D00137A74 /* Resources */,
			);
			buildRules = (
			);
			dependencies = (
			);
			name = AetherPredict;
			productName = AetherPredict;
			productReference = 1752E4EB2B8E936D00137A74 /* AetherPredict.app */;
			productType = "com.apple.product-type.application";
		};
/* End PBXNativeTarget section */

/* Begin PBXProject section */
		1752E4E32B8E936D00137A74 /* Project object */ = {
			isa = PBXProject;
			attributes = {
				BuildIndependentTargetsInParallel = 1;
				LastSwiftUpdateCheck = 1520;
				LastUpgradeCheck = 1520;
				TargetAttributes = {
					1752E4EA2B8E936D00137A74 = {
						CreatedOnToolsVersion = 15.2;
					};
				};
			};
			buildConfigurationList = 1752E4E62B8E936D00137A74 /* Build configuration list for PBXProject "AetherPredict" */;
			compatibilityVersion = "Xcode 14.0";
			developmentRegion = en;
			hasScannedForEncodings = 0;
			knownRegions = (
				en,
				Base,
			);
			mainGroup = 1752E4E22B8E936D00137A74;
			productRefGroup = 1752E4EC2B8E936D00137A74 /* Products */;
			projectDirPath = "";
			projectRoot = "";
			targets = (
				1752E4EA2B8E936D00137A74 /* AetherPredict */,
			);
		};
/* End PBXProject section */

/* Begin PBXResourcesBuildPhase section */
		1752E4E92B8E936D00137A74 /* Resources */ = {
			isa = PBXResourcesBuildPhase;
			buildActionMask = 2147483647;
			files = (
				1752E4FB2B8E937600137A74 /* LaunchScreen.storyboard in Resources */,
				17EF329B2BBC6DCB001D24DE /* us-top-1k-cities.csv in Resources */,
				1752E4F82B8E937600137A74 /* Assets.xcassets in Resources */,
				17839E0E2BBA525200E66992 /* Nunito-Bold.ttf in Resources */,
				17839E0D2BBA525200E66992 /* Nunito-Light.ttf in Resources */,
				17839E0F2BBA525200E66992 /* Nunito-Medium.ttf in Resources */,
			);
			runOnlyForDeploymentPostprocessing = 0;
		};
/* End PBXResourcesBuildPhase section */

/* Begin PBXSourcesBuildPhase section */
		1752E4E72B8E936D00137A74 /* Sources */ = {
			isa = PBXSourcesBuildPhase;
			buildActionMask = 2147483647;
			files = (
				17A1ED652BBDF5BD000CAA70 /* DetailedStatsView.swift in Sources */,
				17839E192BBA5AC800E66992 /* HourlyForcastCollectionCell.swift in Sources */,
				17246DCF2BBF56C6008FD7BB /* UVIndexView.swift in Sources */,
				17246DCD2BBF56BC008FD7BB /* HighLowTempView.swift in Sources */,
				17A1ED632BBDF48B000CAA70 /* MetricView.swift in Sources */,
				17839E242BBB393200E66992 /* HomeViewController+LocationDelegate.swift in Sources */,
				17839E082BB9DEEE00E66992 /* CurrentWeatherCard.swift in Sources */,
				17246DD32BBFBA4A008FD7BB /* GreenToRedSegmentView.swift in Sources */,
				170828982BA3B8EE00094406 /* HomeViewController.swift in Sources */,
				171767882BBC66B500B128A7 /* Fuse.swift in Sources */,
				17839E132BBA583200E66992 /* WeatherSymbolConfigurationManager.swift in Sources */,
				17839E152BBA599200E66992 /* HourlyForcastView.swift in Sources */,
				171767892BBC66B500B128A7 /* FuseUtilities.swift in Sources */,
				17246DD52BC0765D008FD7BB /* FireChanceView.swift in Sources */,
				1752E4EF2B8E936D00137A74 /* AppDelegate.swift in Sources */,
				17839E222BBB169000E66992 /* WeatherConditionView.swift in Sources */,
				17839E1D2BBA7D2200E66992 /* ColorManager.swift in Sources */,
				170828962BA3B8E100094406 /* FirePredictService.swift in Sources */,
				1717677D2BBC65BA00B128A7 /* CitySearchManager.swift in Sources */,
				17839E112BBA539900E66992 /* NunitoFont.swift in Sources */,
				17839E172BBA599C00E66992 /* WeeklyForcastView.swift in Sources */,
				170828942BA3B8D300094406 /* WeatherService.swift in Sources */,
				170828A22BA3C09A00094406 /* LocationService.swift in Sources */,
				17839E262BBB609500E66992 /* TemperatureRangeView.swift in Sources */,
				1752E4F12B8E936D00137A74 /* SceneDelegate.swift in Sources */,
				171767792BBBB67800B128A7 /* SearchResultsTableView.swift in Sources */,
				17246DD12BBF56D6008FD7BB /* SunLocationView.swift in Sources */,
				17839E1F2BBB14E600E66992 /* DayForcastCell.swift in Sources */,
				1717678A2BBC66B500B128A7 /* String+Fuse.swift in Sources */,
			);
			runOnlyForDeploymentPostprocessing = 0;
		};
/* End PBXSourcesBuildPhase section */

/* Begin PBXVariantGroup section */
		1752E4F92B8E937600137A74 /* LaunchScreen.storyboard */ = {
			isa = PBXVariantGroup;
			children = (
				1752E4FA2B8E937600137A74 /* Base */,
			);
			name = LaunchScreen.storyboard;
			sourceTree = "<group>";
		};
/* End PBXVariantGroup section */

/* Begin XCBuildConfiguration section */
		1752E4FD2B8E937600137A74 /* Debug */ = {
			isa = XCBuildConfiguration;
			buildSettings = {
				ALWAYS_SEARCH_USER_PATHS = NO;
				ASSETCATALOG_COMPILER_GENERATE_SWIFT_ASSET_SYMBOL_EXTENSIONS = YES;
				CLANG_ANALYZER_NONNULL = YES;
				CLANG_ANALYZER_NUMBER_OBJECT_CONVERSION = YES_AGGRESSIVE;
				CLANG_CXX_LANGUAGE_STANDARD = "gnu++20";
				CLANG_ENABLE_MODULES = YES;
				CLANG_ENABLE_OBJC_ARC = YES;
				CLANG_ENABLE_OBJC_WEAK = YES;
				CLANG_WARN_BLOCK_CAPTURE_AUTORELEASING = YES;
				CLANG_WARN_BOOL_CONVERSION = YES;
				CLANG_WARN_COMMA = YES;
				CLANG_WARN_CONSTANT_CONVERSION = YES;
				CLANG_WARN_DEPRECATED_OBJC_IMPLEMENTATIONS = YES;
				CLANG_WARN_DIRECT_OBJC_ISA_USAGE = YES_ERROR;
				CLANG_WARN_DOCUMENTATION_COMMENTS = YES;
				CLANG_WARN_EMPTY_BODY = YES;
				CLANG_WARN_ENUM_CONVERSION = YES;
				CLANG_WARN_INFINITE_RECURSION = YES;
				CLANG_WARN_INT_CONVERSION = YES;
				CLANG_WARN_NON_LITERAL_NULL_CONVERSION = YES;
				CLANG_WARN_OBJC_IMPLICIT_RETAIN_SELF = YES;
				CLANG_WARN_OBJC_LITERAL_CONVERSION = YES;
				CLANG_WARN_OBJC_ROOT_CLASS = YES_ERROR;
				CLANG_WARN_QUOTED_INCLUDE_IN_FRAMEWORK_HEADER = YES;
				CLANG_WARN_RANGE_LOOP_ANALYSIS = YES;
				CLANG_WARN_STRICT_PROTOTYPES = YES;
				CLANG_WARN_SUSPICIOUS_MOVE = YES;
				CLANG_WARN_UNGUARDED_AVAILABILITY = YES_AGGRESSIVE;
				CLANG_WARN_UNREACHABLE_CODE = YES;
				CLANG_WARN__DUPLICATE_METHOD_MATCH = YES;
				COPY_PHASE_STRIP = NO;
				DEBUG_INFORMATION_FORMAT = dwarf;
				ENABLE_STRICT_OBJC_MSGSEND = YES;
				ENABLE_TESTABILITY = YES;
				ENABLE_USER_SCRIPT_SANDBOXING = YES;
				GCC_C_LANGUAGE_STANDARD = gnu17;
				GCC_DYNAMIC_NO_PIC = NO;
				GCC_NO_COMMON_BLOCKS = YES;
				GCC_OPTIMIZATION_LEVEL = 0;
				GCC_PREPROCESSOR_DEFINITIONS = (
					"DEBUG=1",
					"$(inherited)",
				);
				GCC_WARN_64_TO_32_BIT_CONVERSION = YES;
				GCC_WARN_ABOUT_RETURN_TYPE = YES_ERROR;
				GCC_WARN_UNDECLARED_SELECTOR = YES;
				GCC_WARN_UNINITIALIZED_AUTOS = YES_AGGRESSIVE;
				GCC_WARN_UNUSED_FUNCTION = YES;
				GCC_WARN_UNUSED_VARIABLE = YES;
				IPHONEOS_DEPLOYMENT_TARGET = 17.2;
				LOCALIZATION_PREFERS_STRING_CATALOGS = YES;
				MTL_ENABLE_DEBUG_INFO = INCLUDE_SOURCE;
				MTL_FAST_MATH = YES;
				ONLY_ACTIVE_ARCH = YES;
				SDKROOT = iphoneos;
				SWIFT_ACTIVE_COMPILATION_CONDITIONS = "DEBUG $(inherited)";
				SWIFT_OPTIMIZATION_LEVEL = "-Onone";
			};
			name = Debug;
		};
		1752E4FE2B8E937600137A74 /* Release */ = {
			isa = XCBuildConfiguration;
			buildSettings = {
				ALWAYS_SEARCH_USER_PATHS = NO;
				ASSETCATALOG_COMPILER_GENERATE_SWIFT_ASSET_SYMBOL_EXTENSIONS = YES;
				CLANG_ANALYZER_NONNULL = YES;
				CLANG_ANALYZER_NUMBER_OBJECT_CONVERSION = YES_AGGRESSIVE;
				CLANG_CXX_LANGUAGE_STANDARD = "gnu++20";
				CLANG_ENABLE_MODULES = YES;
				CLANG_ENABLE_OBJC_ARC = YES;
				CLANG_ENABLE_OBJC_WEAK = YES;
				CLANG_WARN_BLOCK_CAPTURE_AUTORELEASING = YES;
				CLANG_WARN_BOOL_CONVERSION = YES;
				CLANG_WARN_COMMA = YES;
				CLANG_WARN_CONSTANT_CONVERSION = YES;
				CLANG_WARN_DEPRECATED_OBJC_IMPLEMENTATIONS = YES;
				CLANG_WARN_DIRECT_OBJC_ISA_USAGE = YES_ERROR;
				CLANG_WARN_DOCUMENTATION_COMMENTS = YES;
				CLANG_WARN_EMPTY_BODY = YES;
				CLANG_WARN_ENUM_CONVERSION = YES;
				CLANG_WARN_INFINITE_RECURSION = YES;
				CLANG_WARN_INT_CONVERSION = YES;
				CLANG_WARN_NON_LITERAL_NULL_CONVERSION = YES;
				CLANG_WARN_OBJC_IMPLICIT_RETAIN_SELF = YES;
				CLANG_WARN_OBJC_LITERAL_CONVERSION = YES;
				CLANG_WARN_OBJC_ROOT_CLASS = YES_ERROR;
				CLANG_WARN_QUOTED_INCLUDE_IN_FRAMEWORK_HEADER = YES;
				CLANG_WARN_RANGE_LOOP_ANALYSIS = YES;
				CLANG_WARN_STRICT_PROTOTYPES = YES;
				CLANG_WARN_SUSPICIOUS_MOVE = YES;
				CLANG_WARN_UNGUARDED_AVAILABILITY = YES_AGGRESSIVE;
				CLANG_WARN_UNREACHABLE_CODE = YES;
				CLANG_WARN__DUPLICATE_METHOD_MATCH = YES;
				COPY_PHASE_STRIP = NO;
				DEBUG_INFORMATION_FORMAT = "dwarf-with-dsym";
				ENABLE_NS_ASSERTIONS = NO;
				ENABLE_STRICT_OBJC_MSGSEND = YES;
				ENABLE_USER_SCRIPT_SANDBOXING = YES;
				GCC_C_LANGUAGE_STANDARD = gnu17;
				GCC_NO_COMMON_BLOCKS = YES;
				GCC_WARN_64_TO_32_BIT_CONVERSION = YES;
				GCC_WARN_ABOUT_RETURN_TYPE = YES_ERROR;
				GCC_WARN_UNDECLARED_SELECTOR = YES;
				GCC_WARN_UNINITIALIZED_AUTOS = YES_AGGRESSIVE;
				GCC_WARN_UNUSED_FUNCTION = YES;
				GCC_WARN_UNUSED_VARIABLE = YES;
				IPHONEOS_DEPLOYMENT_TARGET = 17.2;
				LOCALIZATION_PREFERS_STRING_CATALOGS = YES;
				MTL_ENABLE_DEBUG_INFO = NO;
				MTL_FAST_MATH = YES;
				SDKROOT = iphoneos;
				SWIFT_COMPILATION_MODE = wholemodule;
				VALIDATE_PRODUCT = YES;
			};
			name = Release;
		};
		1752E5002B8E937600137A74 /* Debug */ = {
			isa = XCBuildConfiguration;
			buildSettings = {
				ASSETCATALOG_COMPILER_APPICON_NAME = AppIcon;
				ASSETCATALOG_COMPILER_GLOBAL_ACCENT_COLOR_NAME = AccentColor;
				CODE_SIGN_ENTITLEMENTS = AetherPredict/AetherPredict.entitlements;
				CODE_SIGN_STYLE = Automatic;
				CURRENT_PROJECT_VERSION = 1;
				DEVELOPMENT_TEAM = 4SSQ3NUFVX;
				GENERATE_INFOPLIST_FILE = YES;
				INFOPLIST_FILE = AetherPredict/Info.plist;
				INFOPLIST_KEY_CFBundleDisplayName = Aether;
				INFOPLIST_KEY_NSLocationAlwaysUsageDescription = "Location access required to provide weather predictions";
				INFOPLIST_KEY_NSLocationUsageDescription = "Location access required to provide weather predictions";
				INFOPLIST_KEY_NSLocationWhenInUseUsageDescription = "Location access required to provide weather predictions";
				INFOPLIST_KEY_UIApplicationSupportsIndirectInputEvents = YES;
				INFOPLIST_KEY_UILaunchStoryboardName = LaunchScreen;
				INFOPLIST_KEY_UIMainStoryboardFile = "";
				INFOPLIST_KEY_UISupportedInterfaceOrientations = UIInterfaceOrientationPortrait;
				LD_RUNPATH_SEARCH_PATHS = (
					"$(inherited)",
					"@executable_path/Frameworks",
				);
				MARKETING_VERSION = 1.0;
				PRODUCT_BUNDLE_IDENTIFIER = com.caliwood.AetherPredict;
				PRODUCT_NAME = "$(TARGET_NAME)";
				SUPPORTED_PLATFORMS = "iphoneos iphonesimulator";
				SUPPORTS_MACCATALYST = NO;
				SUPPORTS_MAC_DESIGNED_FOR_IPHONE_IPAD = NO;
				SUPPORTS_XR_DESIGNED_FOR_IPHONE_IPAD = NO;
				SWIFT_EMIT_LOC_STRINGS = YES;
				SWIFT_VERSION = 5.0;
				TARGETED_DEVICE_FAMILY = 1;
			};
			name = Debug;
		};
		1752E5012B8E937600137A74 /* Release */ = {
			isa = XCBuildConfiguration;
			buildSettings = {
				ASSETCATALOG_COMPILER_APPICON_NAME = AppIcon;
				ASSETCATALOG_COMPILER_GLOBAL_ACCENT_COLOR_NAME = AccentColor;
				CODE_SIGN_ENTITLEMENTS = AetherPredict/AetherPredict.entitlements;
				CODE_SIGN_STYLE = Automatic;
				CURRENT_PROJECT_VERSION = 1;
				DEVELOPMENT_TEAM = 4SSQ3NUFVX;
				GENERATE_INFOPLIST_FILE = YES;
				INFOPLIST_FILE = AetherPredict/Info.plist;
				INFOPLIST_KEY_CFBundleDisplayName = Aether;
				INFOPLIST_KEY_NSLocationAlwaysUsageDescription = "Location access required to provide weather predictions";
				INFOPLIST_KEY_NSLocationUsageDescription = "Location access required to provide weather predictions";
				INFOPLIST_KEY_NSLocationWhenInUseUsageDescription = "Location access required to provide weather predictions";
				INFOPLIST_KEY_UIApplicationSupportsIndirectInputEvents = YES;
				INFOPLIST_KEY_UILaunchStoryboardName = LaunchScreen;
				INFOPLIST_KEY_UIMainStoryboardFile = "";
				INFOPLIST_KEY_UISupportedInterfaceOrientations = UIInterfaceOrientationPortrait;
				LD_RUNPATH_SEARCH_PATHS = (
					"$(inherited)",
					"@executable_path/Frameworks",
				);
				MARKETING_VERSION = 1.0;
				PRODUCT_BUNDLE_IDENTIFIER = com.caliwood.AetherPredict;
				PRODUCT_NAME = "$(TARGET_NAME)";
				SUPPORTED_PLATFORMS = "iphoneos iphonesimulator";
				SUPPORTS_MACCATALYST = NO;
				SUPPORTS_MAC_DESIGNED_FOR_IPHONE_IPAD = NO;
				SUPPORTS_XR_DESIGNED_FOR_IPHONE_IPAD = NO;
				SWIFT_EMIT_LOC_STRINGS = YES;
				SWIFT_VERSION = 5.0;
				TARGETED_DEVICE_FAMILY = 1;
			};
			name = Release;
		};
/* End XCBuildConfiguration section */

/* Begin XCConfigurationList section */
		1752E4E62B8E936D00137A74 /* Build configuration list for PBXProject "AetherPredict" */ = {
			isa = XCConfigurationList;
			buildConfigurations = (
				1752E4FD2B8E937600137A74 /* Debug */,
				1752E4FE2B8E937600137A74 /* Release */,
			);
			defaultConfigurationIsVisible = 0;
			defaultConfigurationName = Release;
		};
		1752E4FF2B8E937600137A74 /* Build configuration list for PBXNativeTarget "AetherPredict" */ = {
			isa = XCConfigurationList;
			buildConfigurations = (
				1752E5002B8E937600137A74 /* Debug */,
				1752E5012B8E937600137A74 /* Release */,
			);
			defaultConfigurationIsVisible = 0;
			defaultConfigurationName = Release;
		};
/* End XCConfigurationList section */
	};
	rootObject = 1752E4E32B8E936D00137A74 /* Project object */;
}
